// !$*UTF8*$!
{
	archiveVersion = 1;
	classes = {
	};
	objectVersion = 50;
	objects = {

/* Begin PBXBuildFile section */
		04E50F91253B4CC600E8882B /* DiceApp.swift in Sources */ = {isa = PBXBuildFile; fileRef = 04E50F90253B4CC600E8882B /* DiceApp.swift */; };
		04E50F93253B4CC600E8882B /* ContentView.swift in Sources */ = {isa = PBXBuildFile; fileRef = 04E50F92253B4CC600E8882B /* ContentView.swift */; };
		04E50F95253B4CCB00E8882B /* Assets.xcassets in Resources */ = {isa = PBXBuildFile; fileRef = 04E50F94253B4CCB00E8882B /* Assets.xcassets */; };
		04E50F98253B4CCB00E8882B /* Preview Assets.xcassets in Resources */ = {isa = PBXBuildFile; fileRef = 04E50F97253B4CCB00E8882B /* Preview Assets.xcassets */; };
		04E50FA3253B4CCC00E8882B /* DiceTests.swift in Sources */ = {isa = PBXBuildFile; fileRef = 04E50FA2253B4CCC00E8882B /* DiceTests.swift */; };
		04E50FAE253B4CCC00E8882B /* DiceUITests.swift in Sources */ = {isa = PBXBuildFile; fileRef = 04E50FAD253B4CCC00E8882B /* DiceUITests.swift */; };
/* End PBXBuildFile section */

/* Begin PBXContainerItemProxy section */
		04E50F9F253B4CCC00E8882B /* PBXContainerItemProxy */ = {
			isa = PBXContainerItemProxy;
			containerPortal = 04E50F85253B4CC600E8882B /* Project object */;
			proxyType = 1;
			remoteGlobalIDString = 04E50F8C253B4CC600E8882B;
			remoteInfo = Dice;
		};
		04E50FAA253B4CCC00E8882B /* PBXContainerItemProxy */ = {
			isa = PBXContainerItemProxy;
			containerPortal = 04E50F85253B4CC600E8882B /* Project object */;
			proxyType = 1;
			remoteGlobalIDString = 04E50F8C253B4CC600E8882B;
			remoteInfo = Dice;
		};
/* End PBXContainerItemProxy section */

/* Begin PBXFileReference section */
		04E50F8D253B4CC600E8882B /* Dice.app */ = {isa = PBXFileReference; explicitFileType = wrapper.application; includeInIndex = 0; path = Dice.app; sourceTree = BUILT_PRODUCTS_DIR; };
		04E50F90253B4CC600E8882B /* DiceApp.swift */ = {isa = PBXFileReference; lastKnownFileType = sourcecode.swift; path = DiceApp.swift; sourceTree = "<group>"; };
		04E50F92253B4CC600E8882B /* ContentView.swift */ = {isa = PBXFileReference; lastKnownFileType = sourcecode.swift; path = ContentView.swift; sourceTree = "<group>"; };
		04E50F94253B4CCB00E8882B /* Assets.xcassets */ = {isa = PBXFileReference; lastKnownFileType = folder.assetcatalog; path = Assets.xcassets; sourceTree = "<group>"; };
		04E50F97253B4CCB00E8882B /* Preview Assets.xcassets */ = {isa = PBXFileReference; lastKnownFileType = folder.assetcatalog; path = "Preview Assets.xcassets"; sourceTree = "<group>"; };
		04E50F99253B4CCB00E8882B /* Info.plist */ = {isa = PBXFileReference; lastKnownFileType = text.plist.xml; path = Info.plist; sourceTree = "<group>"; };
		04E50F9E253B4CCC00E8882B /* DiceTests.xctest */ = {isa = PBXFileReference; explicitFileType = wrapper.cfbundle; includeInIndex = 0; path = DiceTests.xctest; sourceTree = BUILT_PRODUCTS_DIR; };
		04E50FA2253B4CCC00E8882B /* DiceTests.swift */ = {isa = PBXFileReference; lastKnownFileType = sourcecode.swift; path = DiceTests.swift; sourceTree = "<group>"; };
		04E50FA4253B4CCC00E8882B /* Info.plist */ = {isa = PBXFileReference; lastKnownFileType = text.plist.xml; path = Info.plist; sourceTree = "<group>"; };
		04E50FA9253B4CCC00E8882B /* DiceUITests.xctest */ = {isa = PBXFileReference; explicitFileType = wrapper.cfbundle; includeInIndex = 0; path = DiceUITests.xctest; sourceTree = BUILT_PRODUCTS_DIR; };
		04E50FAD253B4CCC00E8882B /* DiceUITests.swift */ = {isa = PBXFileReference; lastKnownFileType = sourcecode.swift; path = DiceUITests.swift; sourceTree = "<group>"; };
		04E50FAF253B4CCC00E8882B /* Info.plist */ = {isa = PBXFileReference; lastKnownFileType = text.plist.xml; path = Info.plist; sourceTree = "<group>"; };
/* End PBXFileReference section */

/* Begin PBXFrameworksBuildPhase section */
		04E50F8A253B4CC600E8882B /* Frameworks */ = {
			isa = PBXFrameworksBuildPhase;
			buildActionMask = 2147483647;
			files = (
			);
			runOnlyForDeploymentPostprocessing = 0;
		};
		04E50F9B253B4CCC00E8882B /* Frameworks */ = {
			isa = PBXFrameworksBuildPhase;
			buildActionMask = 2147483647;
			files = (
			);
			runOnlyForDeploymentPostprocessing = 0;
		};
		04E50FA6253B4CCC00E8882B /* Frameworks */ = {
			isa = PBXFrameworksBuildPhase;
			buildActionMask = 2147483647;
			files = (
			);
			runOnlyForDeploymentPostprocessing = 0;
		};
/* End PBXFrameworksBuildPhase section */

/* Begin PBXGroup section */
		04E50F84253B4CC600E8882B = {
			isa = PBXGroup;
			children = (
				04E50F8F253B4CC600E8882B /* Dice */,
				04E50FA1253B4CCC00E8882B /* DiceTests */,
				04E50FAC253B4CCC00E8882B /* DiceUITests */,
				04E50F8E253B4CC600E8882B /* Products */,
			);
			sourceTree = "<group>";
		};
		04E50F8E253B4CC600E8882B /* Products */ = {
			isa = PBXGroup;
			children = (
				04E50F8D253B4CC600E8882B /* Dice.app */,
				04E50F9E253B4CCC00E8882B /* DiceTests.xctest */,
				04E50FA9253B4CCC00E8882B /* DiceUITests.xctest */,
			);
			name = Products;
			sourceTree = "<group>";
		};
		04E50F8F253B4CC600E8882B /* Dice */ = {
			isa = PBXGroup;
			children = (
				04E50F90253B4CC600E8882B /* DiceApp.swift */,
				04E50F92253B4CC600E8882B /* ContentView.swift */,
				04E50F94253B4CCB00E8882B /* Assets.xcassets */,
				04E50F99253B4CCB00E8882B /* Info.plist */,
				04E50F96253B4CCB00E8882B /* Preview Content */,
			);
			path = Dice;
			sourceTree = "<group>";
		};
		04E50F96253B4CCB00E8882B /* Preview Content */ = {
			isa = PBXGroup;
			children = (
				04E50F97253B4CCB00E8882B /* Preview Assets.xcassets */,
			);
			path = "Preview Content";
			sourceTree = "<group>";
		};
		04E50FA1253B4CCC00E8882B /* DiceTests */ = {
			isa = PBXGroup;
			children = (
				04E50FA2253B4CCC00E8882B /* DiceTests.swift */,
				04E50FA4253B4CCC00E8882B /* Info.plist */,
			);
			path = DiceTests;
			sourceTree = "<group>";
		};
		04E50FAC253B4CCC00E8882B /* DiceUITests */ = {
			isa = PBXGroup;
			children = (
				04E50FAD253B4CCC00E8882B /* DiceUITests.swift */,
				04E50FAF253B4CCC00E8882B /* Info.plist */,
			);
			path = DiceUITests;
			sourceTree = "<group>";
		};
/* End PBXGroup section */

/* Begin PBXNativeTarget section */
		04E50F8C253B4CC600E8882B /* Dice */ = {
			isa = PBXNativeTarget;
			buildConfigurationList = 04E50FB2253B4CCC00E8882B /* Build configuration list for PBXNativeTarget "Dice" */;
			buildPhases = (
				04E50F89253B4CC600E8882B /* Sources */,
				04E50F8A253B4CC600E8882B /* Frameworks */,
				04E50F8B253B4CC600E8882B /* Resources */,
			);
			buildRules = (
			);
			dependencies = (
			);
			name = Dice;
			productName = Dice;
			productReference = 04E50F8D253B4CC600E8882B /* Dice.app */;
			productType = "com.apple.product-type.application";
		};
		04E50F9D253B4CCC00E8882B /* DiceTests */ = {
			isa = PBXNativeTarget;
			buildConfigurationList = 04E50FB5253B4CCC00E8882B /* Build configuration list for PBXNativeTarget "DiceTests" */;
			buildPhases = (
				04E50F9A253B4CCC00E8882B /* Sources */,
				04E50F9B253B4CCC00E8882B /* Frameworks */,
				04E50F9C253B4CCC00E8882B /* Resources */,
			);
			buildRules = (
			);
			dependencies = (
				04E50FA0253B4CCC00E8882B /* PBXTargetDependency */,
			);
			name = DiceTests;
			productName = DiceTests;
			productReference = 04E50F9E253B4CCC00E8882B /* DiceTests.xctest */;
			productType = "com.apple.product-type.bundle.unit-test";
		};
		04E50FA8253B4CCC00E8882B /* DiceUITests */ = {
			isa = PBXNativeTarget;
			buildConfigurationList = 04E50FB8253B4CCC00E8882B /* Build configuration list for PBXNativeTarget "DiceUITests" */;
			buildPhases = (
				04E50FA5253B4CCC00E8882B /* Sources */,
				04E50FA6253B4CCC00E8882B /* Frameworks */,
				04E50FA7253B4CCC00E8882B /* Resources */,
			);
			buildRules = (
			);
			dependencies = (
				04E50FAB253B4CCC00E8882B /* PBXTargetDependency */,
			);
			name = DiceUITests;
			productName = DiceUITests;
			productReference = 04E50FA9253B4CCC00E8882B /* DiceUITests.xctest */;
			productType = "com.apple.product-type.bundle.ui-testing";
		};
/* End PBXNativeTarget section */

/* Begin PBXProject section */
		04E50F85253B4CC600E8882B /* Project object */ = {
			isa = PBXProject;
			attributes = {
				LastSwiftUpdateCheck = 1200;
				LastUpgradeCheck = 1200;
				TargetAttributes = {
					04E50F8C253B4CC600E8882B = {
						CreatedOnToolsVersion = 12.0.1;
					};
					04E50F9D253B4CCC00E8882B = {
						CreatedOnToolsVersion = 12.0.1;
						TestTargetID = 04E50F8C253B4CC600E8882B;
					};
					04E50FA8253B4CCC00E8882B = {
						CreatedOnToolsVersion = 12.0.1;
						TestTargetID = 04E50F8C253B4CC600E8882B;
					};
				};
			};
			buildConfigurationList = 04E50F88253B4CC600E8882B /* Build configuration list for PBXProject "Dice" */;
			compatibilityVersion = "Xcode 9.3";
			developmentRegion = en;
			hasScannedForEncodings = 0;
			knownRegions = (
				en,
				Base,
			);
			mainGroup = 04E50F84253B4CC600E8882B;
			productRefGroup = 04E50F8E253B4CC600E8882B /* Products */;
			projectDirPath = "";
			projectRoot = "";
			targets = (
				04E50F8C253B4CC600E8882B /* Dice */,
				04E50F9D253B4CCC00E8882B /* DiceTests */,
				04E50FA8253B4CCC00E8882B /* DiceUITests */,
			);
		};
/* End PBXProject section */

/* Begin PBXResourcesBuildPhase section */
		04E50F8B253B4CC600E8882B /* Resources */ = {
			isa = PBXResourcesBuildPhase;
			buildActionMask = 2147483647;
			files = (
				04E50F98253B4CCB00E8882B /* Preview Assets.xcassets in Resources */,
				04E50F95253B4CCB00E8882B /* Assets.xcassets in Resources */,
			);
			runOnlyForDeploymentPostprocessing = 0;
		};
		04E50F9C253B4CCC00E8882B /* Resources */ = {
			isa = PBXResourcesBuildPhase;
			buildActionMask = 2147483647;
			files = (
			);
			runOnlyForDeploymentPostprocessing = 0;
		};
		04E50FA7253B4CCC00E8882B /* Resources */ = {
			isa = PBXResourcesBuildPhase;
			buildActionMask = 2147483647;
			files = (
			);
			runOnlyForDeploymentPostprocessing = 0;
		};
/* End PBXResourcesBuildPhase section */

/* Begin PBXSourcesBuildPhase section */
		04E50F89253B4CC600E8882B /* Sources */ = {
			isa = PBXSourcesBuildPhase;
			buildActionMask = 2147483647;
			files = (
				04E50F93253B4CC600E8882B /* ContentView.swift in Sources */,
				04E50F91253B4CC600E8882B /* DiceApp.swift in Sources */,
			);
			runOnlyForDeploymentPostprocessing = 0;
		};
		04E50F9A253B4CCC00E8882B /* Sources */ = {
			isa = PBXSourcesBuildPhase;
			buildActionMask = 2147483647;
			files = (
				04E50FA3253B4CCC00E8882B /* DiceTests.swift in Sources */,
			);
			runOnlyForDeploymentPostprocessing = 0;
		};
		04E50FA5253B4CCC00E8882B /* Sources */ = {
			isa = PBXSourcesBuildPhase;
			buildActionMask = 2147483647;
			files = (
				04E50FAE253B4CCC00E8882B /* DiceUITests.swift in Sources */,
			);
			runOnlyForDeploymentPostprocessing = 0;
		};
/* End PBXSourcesBuildPhase section */

/* Begin PBXTargetDependency section */
		04E50FA0253B4CCC00E8882B /* PBXTargetDependency */ = {
			isa = PBXTargetDependency;
			target = 04E50F8C253B4CC600E8882B /* Dice */;
			targetProxy = 04E50F9F253B4CCC00E8882B /* PBXContainerItemProxy */;
		};
		04E50FAB253B4CCC00E8882B /* PBXTargetDependency */ = {
			isa = PBXTargetDependency;
			target = 04E50F8C253B4CC600E8882B /* Dice */;
			targetProxy = 04E50FAA253B4CCC00E8882B /* PBXContainerItemProxy */;
		};
/* End PBXTargetDependency section */

/* Begin XCBuildConfiguration section */
		04E50FB0253B4CCC00E8882B /* Debug */ = {
			isa = XCBuildConfiguration;
			buildSettings = {
				ALWAYS_SEARCH_USER_PATHS = NO;
				CLANG_ANALYZER_NONNULL = YES;
				CLANG_ANALYZER_NUMBER_OBJECT_CONVERSION = YES_AGGRESSIVE;
				CLANG_CXX_LANGUAGE_STANDARD = "gnu++14";
				CLANG_CXX_LIBRARY = "libc++";
				CLANG_ENABLE_MODULES = YES;
				CLANG_ENABLE_OBJC_ARC = YES;
				CLANG_ENABLE_OBJC_WEAK = YES;
				CLANG_WARN_BLOCK_CAPTURE_AUTORELEASING = YES;
				CLANG_WARN_BOOL_CONVERSION = YES;
				CLANG_WARN_COMMA = YES;
				CLANG_WARN_CONSTANT_CONVERSION = YES;
				CLANG_WARN_DEPRECATED_OBJC_IMPLEMENTATIONS = YES;
				CLANG_WARN_DIRECT_OBJC_ISA_USAGE = YES_ERROR;
				CLANG_WARN_DOCUMENTATION_COMMENTS = YES;
				CLANG_WARN_EMPTY_BODY = YES;
				CLANG_WARN_ENUM_CONVERSION = YES;
				CLANG_WARN_INFINITE_RECURSION = YES;
				CLANG_WARN_INT_CONVERSION = YES;
				CLANG_WARN_NON_LITERAL_NULL_CONVERSION = YES;
				CLANG_WARN_OBJC_IMPLICIT_RETAIN_SELF = YES;
				CLANG_WARN_OBJC_LITERAL_CONVERSION = YES;
				CLANG_WARN_OBJC_ROOT_CLASS = YES_ERROR;
				CLANG_WARN_QUOTED_INCLUDE_IN_FRAMEWORK_HEADER = YES;
				CLANG_WARN_RANGE_LOOP_ANALYSIS = YES;
				CLANG_WARN_STRICT_PROTOTYPES = YES;
				CLANG_WARN_SUSPICIOUS_MOVE = YES;
				CLANG_WARN_UNGUARDED_AVAILABILITY = YES_AGGRESSIVE;
				CLANG_WARN_UNREACHABLE_CODE = YES;
				CLANG_WARN__DUPLICATE_METHOD_MATCH = YES;
				COPY_PHASE_STRIP = NO;
				DEBUG_INFORMATION_FORMAT = dwarf;
				ENABLE_STRICT_OBJC_MSGSEND = YES;
				ENABLE_TESTABILITY = YES;
				GCC_C_LANGUAGE_STANDARD = gnu11;
				GCC_DYNAMIC_NO_PIC = NO;
				GCC_NO_COMMON_BLOCKS = YES;
				GCC_OPTIMIZATION_LEVEL = 0;
				GCC_PREPROCESSOR_DEFINITIONS = (
					"DEBUG=1",
					"$(inherited)",
				);
				GCC_WARN_64_TO_32_BIT_CONVERSION = YES;
				GCC_WARN_ABOUT_RETURN_TYPE = YES_ERROR;
				GCC_WARN_UNDECLARED_SELECTOR = YES;
				GCC_WARN_UNINITIALIZED_AUTOS = YES_AGGRESSIVE;
				GCC_WARN_UNUSED_FUNCTION = YES;
				GCC_WARN_UNUSED_VARIABLE = YES;
				IPHONEOS_DEPLOYMENT_TARGET = 14.0;
				MTL_ENABLE_DEBUG_INFO = INCLUDE_SOURCE;
				MTL_FAST_MATH = YES;
				ONLY_ACTIVE_ARCH = YES;
				SDKROOT = iphoneos;
				SWIFT_ACTIVE_COMPILATION_CONDITIONS = DEBUG;
				SWIFT_OPTIMIZATION_LEVEL = "-Onone";
			};
			name = Debug;
		};
		04E50FB1253B4CCC00E8882B /* Release */ = {
			isa = XCBuildConfiguration;
			buildSettings = {
				ALWAYS_SEARCH_USER_PATHS = NO;
				CLANG_ANALYZER_NONNULL = YES;
				CLANG_ANALYZER_NUMBER_OBJECT_CONVERSION = YES_AGGRESSIVE;
				CLANG_CXX_LANGUAGE_STANDARD = "gnu++14";
				CLANG_CXX_LIBRARY = "libc++";
				CLANG_ENABLE_MODULES = YES;
				CLANG_ENABLE_OBJC_ARC = YES;
				CLANG_ENABLE_OBJC_WEAK = YES;
				CLANG_WARN_BLOCK_CAPTURE_AUTORELEASING = YES;
				CLANG_WARN_BOOL_CONVERSION = YES;
				CLANG_WARN_COMMA = YES;
				CLANG_WARN_CONSTANT_CONVERSION = YES;
				CLANG_WARN_DEPRECATED_OBJC_IMPLEMENTATIONS = YES;
				CLANG_WARN_DIRECT_OBJC_ISA_USAGE = YES_ERROR;
				CLANG_WARN_DOCUMENTATION_COMMENTS = YES;
				CLANG_WARN_EMPTY_BODY = YES;
				CLANG_WARN_ENUM_CONVERSION = YES;
				CLANG_WARN_INFINITE_RECURSION = YES;
				CLANG_WARN_INT_CONVERSION = YES;
				CLANG_WARN_NON_LITERAL_NULL_CONVERSION = YES;
				CLANG_WARN_OBJC_IMPLICIT_RETAIN_SELF = YES;
				CLANG_WARN_OBJC_LITERAL_CONVERSION = YES;
				CLANG_WARN_OBJC_ROOT_CLASS = YES_ERROR;
				CLANG_WARN_QUOTED_INCLUDE_IN_FRAMEWORK_HEADER = YES;
				CLANG_WARN_RANGE_LOOP_ANALYSIS = YES;
				CLANG_WARN_STRICT_PROTOTYPES = YES;
				CLANG_WARN_SUSPICIOUS_MOVE = YES;
				CLANG_WARN_UNGUARDED_AVAILABILITY = YES_AGGRESSIVE;
				CLANG_WARN_UNREACHABLE_CODE = YES;
				CLANG_WARN__DUPLICATE_METHOD_MATCH = YES;
				COPY_PHASE_STRIP = NO;
				DEBUG_INFORMATION_FORMAT = "dwarf-with-dsym";
				ENABLE_NS_ASSERTIONS = NO;
				ENABLE_STRICT_OBJC_MSGSEND = YES;
				GCC_C_LANGUAGE_STANDARD = gnu11;
				GCC_NO_COMMON_BLOCKS = YES;
				GCC_WARN_64_TO_32_BIT_CONVERSION = YES;
				GCC_WARN_ABOUT_RETURN_TYPE = YES_ERROR;
				GCC_WARN_UNDECLARED_SELECTOR = YES;
				GCC_WARN_UNINITIALIZED_AUTOS = YES_AGGRESSIVE;
				GCC_WARN_UNUSED_FUNCTION = YES;
				GCC_WARN_UNUSED_VARIABLE = YES;
				IPHONEOS_DEPLOYMENT_TARGET = 14.0;
				MTL_ENABLE_DEBUG_INFO = NO;
				MTL_FAST_MATH = YES;
				SDKROOT = iphoneos;
				SWIFT_COMPILATION_MODE = wholemodule;
				SWIFT_OPTIMIZATION_LEVEL = "-O";
				VALIDATE_PRODUCT = YES;
			};
			name = Release;
		};
		04E50FB3253B4CCC00E8882B /* Debug */ = {
			isa = XCBuildConfiguration;
			buildSettings = {
				ASSETCATALOG_COMPILER_APPICON_NAME = AppIcon;
				ASSETCATALOG_COMPILER_GLOBAL_ACCENT_COLOR_NAME = AccentColor;
				CODE_SIGN_STYLE = Automatic;
				DEVELOPMENT_ASSET_PATHS = "\"Dice/Preview Content\"";
				DEVELOPMENT_TEAM = 56NJ26X2XW;
				ENABLE_PREVIEWS = YES;
				INFOPLIST_FILE = Dice/Info.plist;
				IPHONEOS_DEPLOYMENT_TARGET = 14.0;
				LD_RUNPATH_SEARCH_PATHS = (
					"$(inherited)",
					"@executable_path/Frameworks",
				);
				PRODUCT_BUNDLE_IDENTIFIER = "aki-it.Dice";
				PRODUCT_NAME = "$(TARGET_NAME)";
				SWIFT_VERSION = 5.0;
				TARGETED_DEVICE_FAMILY = "1,2";
			};
			name = Debug;
		};
		04E50FB4253B4CCC00E8882B /* Release */ = {
			isa = XCBuildConfiguration;
			buildSettings = {
				ASSETCATALOG_COMPILER_APPICON_NAME = AppIcon;
				ASSETCATALOG_COMPILER_GLOBAL_ACCENT_COLOR_NAME = AccentColor;
				CODE_SIGN_STYLE = Automatic;
				DEVELOPMENT_ASSET_PATHS = "\"Dice/Preview Content\"";
				DEVELOPMENT_TEAM = 56NJ26X2XW;
				ENABLE_PREVIEWS = YES;
				INFOPLIST_FILE = Dice/Info.plist;
				IPHONEOS_DEPLOYMENT_TARGET = 14.0;
				LD_RUNPATH_SEARCH_PATHS = (
					"$(inherited)",
					"@executable_path/Frameworks",
				);
				PRODUCT_BUNDLE_IDENTIFIER = "aki-it.Dice";
				PRODUCT_NAME = "$(TARGET_NAME)";
				SWIFT_VERSION = 5.0;
				TARGETED_DEVICE_FAMILY = "1,2";
			};
			name = Release;
		};
		04E50FB6253B4CCC00E8882B /* Debug */ = {
			isa = XCBuildConfiguration;
			buildSettings = {
				ALWAYS_EMBED_SWIFT_STANDARD_LIBRARIES = YES;
				BUNDLE_LOADER = "$(TEST_HOST)";
				CODE_SIGN_STYLE = Automatic;
				DEVELOPMENT_TEAM = 56NJ26X2XW;
				INFOPLIST_FILE = DiceTests/Info.plist;
				IPHONEOS_DEPLOYMENT_TARGET = 14.0;
				LD_RUNPATH_SEARCH_PATHS = (
					"$(inherited)",
					"@executable_path/Frameworks",
					"@loader_path/Frameworks",
				);
				PRODUCT_BUNDLE_IDENTIFIER = "aki-it.DiceTests";
				PRODUCT_NAME = "$(TARGET_NAME)";
				SWIFT_VERSION = 5.0;
				TARGETED_DEVICE_FAMILY = "1,2";
				TEST_HOST = "$(BUILT_PRODUCTS_DIR)/Dice.app/Dice";
			};
			name = Debug;
		};
		04E50FB7253B4CCC00E8882B /* Release */ = {
			isa = XCBuildConfiguration;
			buildSettings = {
				ALWAYS_EMBED_SWIFT_STANDARD_LIBRARIES = YES;
				BUNDLE_LOADER = "$(TEST_HOST)";
				CODE_SIGN_STYLE = Automatic;
				DEVELOPMENT_TEAM = 56NJ26X2XW;
				INFOPLIST_FILE = DiceTests/Info.plist;
				IPHONEOS_DEPLOYMENT_TARGET = 14.0;
				LD_RUNPATH_SEARCH_PATHS = (
					"$(inherited)",
					"@executable_path/Frameworks",
					"@loader_path/Frameworks",
				);
				PRODUCT_BUNDLE_IDENTIFIER = "aki-it.DiceTests";
				PRODUCT_NAME = "$(TARGET_NAME)";
				SWIFT_VERSION = 5.0;
				TARGETED_DEVICE_FAMILY = "1,2";
				TEST_HOST = "$(BUILT_PRODUCTS_DIR)/Dice.app/Dice";
			};
			name = Release;
		};
		04E50FB9253B4CCC00E8882B /* Debug */ = {
			isa = XCBuildConfiguration;
			buildSettings = {
				ALWAYS_EMBED_SWIFT_STANDARD_LIBRARIES = YES;
				CODE_SIGN_STYLE = Automatic;
				DEVELOPMENT_TEAM = 56NJ26X2XW;
				INFOPLIST_FILE = DiceUITests/Info.plist;
				LD_RUNPATH_SEARCH_PATHS = (
					"$(inherited)",
					"@executable_path/Frameworks",
					"@loader_path/Frameworks",
				);
				PRODUCT_BUNDLE_IDENTIFIER = "aki-it.DiceUITests";
				PRODUCT_NAME = "$(TARGET_NAME)";
				SWIFT_VERSION = 5.0;
				TARGETED_DEVICE_FAMILY = "1,2";
				TEST_TARGET_NAME = Dice;
			};
			name = Debug;
		};
		04E50FBA253B4CCC00E8882B /* Release */ = {
			isa = XCBuildConfiguration;
			buildSettings = {
				ALWAYS_EMBED_SWIFT_STANDARD_LIBRARIES = YES;
				CODE_SIGN_STYLE = Automatic;
				DEVELOPMENT_TEAM = 56NJ26X2XW;
				INFOPLIST_FILE = DiceUITests/Info.plist;
				LD_RUNPATH_SEARCH_PATHS = (
					"$(inherited)",
					"@executable_path/Frameworks",
					"@loader_path/Frameworks",
				);
				PRODUCT_BUNDLE_IDENTIFIER = "aki-it.DiceUITests";
				PRODUCT_NAME = "$(TARGET_NAME)";
				SWIFT_VERSION = 5.0;
				TARGETED_DEVICE_FAMILY = "1,2";
				TEST_TARGET_NAME = Dice;
			};
			name = Release;
		};
/* End XCBuildConfiguration section */

/* Begin XCConfigurationList section */
		04E50F88253B4CC600E8882B /* Build configuration list for PBXProject "Dice" */ = {
			isa = XCConfigurationList;
			buildConfigurations = (
				04E50FB0253B4CCC00E8882B /* Debug */,
				04E50FB1253B4CCC00E8882B /* Release */,
			);
			defaultConfigurationIsVisible = 0;
			defaultConfigurationName = Release;
		};
		04E50FB2253B4CCC00E8882B /* Build configuration list for PBXNativeTarget "Dice" */ = {
			isa = XCConfigurationList;
			buildConfigurations = (
				04E50FB3253B4CCC00E8882B /* Debug */,
				04E50FB4253B4CCC00E8882B /* Release */,
			);
			defaultConfigurationIsVisible = 0;
			defaultConfigurationName = Release;
		};
		04E50FB5253B4CCC00E8882B /* Build configuration list for PBXNativeTarget "DiceTests" */ = {
			isa = XCConfigurationList;
			buildConfigurations = (
				04E50FB6253B4CCC00E8882B /* Debug */,
				04E50FB7253B4CCC00E8882B /* Release */,
			);
			defaultConfigurationIsVisible = 0;
			defaultConfigurationName = Release;
		};
		04E50FB8253B4CCC00E8882B /* Build configuration list for PBXNativeTarget "DiceUITests" */ = {
			isa = XCConfigurationList;
			buildConfigurations = (
				04E50FB9253B4CCC00E8882B /* Debug */,
				04E50FBA253B4CCC00E8882B /* Release */,
			);
			defaultConfigurationIsVisible = 0;
			defaultConfigurationName = Release;
		};
/* End XCConfigurationList section */
	};
	rootObject = 04E50F85253B4CC600E8882B /* Project object */;
}
